
Microsoft Visual Studio Solution File, Format Version 12.00
# Visual Studio 15
VisualStudioVersion = 15.0.26730.8
MinimumVisualStudioVersion = 10.0.40219.1
Project("{FAE04EC0-301F-11D3-BF4B-00C04F79EFBC}") = "JsonUtil", "JsonUtil\JsonUtil.csproj", "{A2BDA6CE-388E-4761-BBFB-CE183B8E0000}"
EndProject
Global
	GlobalSection(SolutionConfigurationPlatforms) = preSolution
		Debug|Any CPU = Debug|Any CPU
		Release|Any CPU = Release|Any CPU
	EndGlobalSection
	GlobalSection(ProjectConfigurationPlatforms) = postSolution
		{A2BDA6CE-388E-4761-BBFB-CE183B8E0000}.Debug|Any CPU.ActiveCfg = Debug|Any CPU
		{A2BDA6CE-388E-4761-BBFB-CE183B8E0000}.Debug|Any CPU.Build.0 = Debug|Any CPU
		{A2BDA6CE-388E-4761-BBFB-CE183B8E0000}.Release|Any CPU.ActiveCfg = Release|Any CPU
		{A2BDA6CE-388E-4761-BBFB-CE183B8E0000}.Release|Any CPU.Build.0 = Release|Any CPU
	EndGlobalSection
	GlobalSection(SolutionProperties) = preSolution
		HideSolutionNode = FALSE
	EndGlobalSection
	GlobalSection(ExtensibilityGlobals) = postSolution
		SolutionGuid = {0437A9D7-4307-4A20-AA7C-23F287BDC38E}
	EndGlobalSection
EndGlobal
